
Microsoft Visual Studio Solution File, Format Version 12.00
# Visual Studio Version 17
VisualStudioVersion = 17.8.34525.116
MinimumVisualStudioVersion = 10.0.40219.1
Project("{F184B08F-C81C-45F6-A57F-5ABD9991F28F}") = "BakeItHappen_SADVBNET", "BakeItHappen_SADVBNET.vbproj", "{418A4A27-31D6-46C1-BD01-6BCFB8B76077}"
EndProject
Project("{2150E333-8FDC-42A3-9474-1A3956D46DE8}") = "Solution Items", "Solution Items", "{424850C0-2C13-44F5-AE66-4DF4EBACD60A}"
	ProjectSection(SolutionItems) = preProject
		..\..\..\BakeItHappen_SADVBNET\SignIn.Designer.vb = ..\..\..\BakeItHappen_SADVBNET\SignIn.Designer.vb
		..\..\..\BakeItHappen_SADVBNET\SignIn.resx = ..\..\..\BakeItHappen_SADVBNET\SignIn.resx
		..\..\..\BakeItHappen_SADVBNET\SignIn.vb = ..\..\..\BakeItHappen_SADVBNET\SignIn.vb
	EndProjectSection
EndProject
Global
	GlobalSection(SolutionConfigurationPlatforms) = preSolution
		Debug|Any CPU = Debug|Any CPU
		Release|Any CPU = Release|Any CPU
	EndGlobalSection
	GlobalSection(ProjectConfigurationPlatforms) = postSolution
		{418A4A27-31D6-46C1-BD01-6BCFB8B76077}.Debug|Any CPU.ActiveCfg = Debug|Any CPU
		{418A4A27-31D6-46C1-BD01-6BCFB8B76077}.Debug|Any CPU.Build.0 = Debug|Any CPU
		{418A4A27-31D6-46C1-BD01-6BCFB8B76077}.Release|Any CPU.ActiveCfg = Release|Any CPU
		{418A4A27-31D6-46C1-BD01-6BCFB8B76077}.Release|Any CPU.Build.0 = Release|Any CPU
	EndGlobalSection
	GlobalSection(SolutionProperties) = preSolution
		HideSolutionNode = FALSE
	EndGlobalSection
	GlobalSection(ExtensibilityGlobals) = postSolution
		SolutionGuid = {CE3CC4AE-D7A2-4931-9916-CCA29930857B}
	EndGlobalSection
EndGlobal
